{
    "name": "@o2projetos/ngt-datepicker",
    "version": "1.0.0",
    "lockfileVersion": 1,
    "requires": true,
    "dependencies": {
        "@o2projetos/ngt-helper": {
            "version": "0.0.1",
            "resolved": "https://registry.npmjs.org/@o2projetos/ngt-helper/-/ngt-helper-0.0.1.tgz",
            "integrity": "sha512-92aLerTzoLpY/ufksk2XQ5nt409sv8+eCXonpqfrsSVkIhJOtYYrgZxrhcAFC5kjFsOPGoncckNx4oksITq6/Q==",
            "requires": {
                "tslib": "^2.1.0"
            },
            "dependencies": {
                "tslib": {
                    "version": "2.4.0",
                    "resolved": "https://registry.npmjs.org/tslib/-/tslib-2.4.0.tgz",
                    "integrity": "sha512-d6xOpEDfsi2CZVlPQzGeux8XMwLT9hssAsaPYExaQMuYskwb+x1x7J371tWlbBdWHroy99KnVB6qIkUbs5X3UQ=="
                }
            }
        },
        "@o2projetos/ngt-validation": {
            "version": "0.0.1",
            "resolved": "https://registry.npmjs.org/@o2projetos/ngt-validation/-/ngt-validation-0.0.1.tgz",
            "integrity": "sha512-aMsBTgDeMvdfMB4QrP1je4hQdDMWl8HhdgY7lIylshs7oqP0Yo8aXQEWD7T0W612qZj9a/ciLZF8iqQH4w8bLw==",
            "requires": {
                "tslib": "^2.1.0"
            },
            "dependencies": {
                "tslib": {
                    "version": "2.4.0",
                    "resolved": "https://registry.npmjs.org/tslib/-/tslib-2.4.0.tgz",
                    "integrity": "sha512-d6xOpEDfsi2CZVlPQzGeux8XMwLT9hssAsaPYExaQMuYskwb+x1x7J371tWlbBdWHroy99KnVB6qIkUbs5X3UQ=="
                }
            }
        }
    }
}
