{
  "name": "@o2projetos/ngt-svg",
  "version": "1.0.1",
  "lockfileVersion": 1,
  "requires": true,
  "dependencies": {
    "angular-svg-icon": {
      "version": "12.0.0",
      "resolved": "https://registry.npmjs.org/angular-svg-icon/-/angular-svg-icon-12.0.0.tgz",
      "integrity": "sha512-nPAbF/U6sHdY+Dt/J5TZuUNOGRZmxoqJioRfLGMeNt8ycbBbTwq1OmkZ7DLuF02+XGafGHwzmI5/2y9OWAl+TA==",
      "requires": {
        "tslib": "^2.2.0"
      }
    },
    "tslib": {
      "version": "2.4.0",
      "resolved": "https://registry.npmjs.org/tslib/-/tslib-2.4.0.tgz",
      "integrity": "sha512-d6xOpEDfsi2CZVlPQzGeux8XMwLT9hssAsaPYExaQMuYskwb+x1x7J371tWlbBdWHroy99KnVB6qIkUbs5X3UQ=="
    }
  }
}
